<?xml version="1.0" encoding="utf-8"?>
<Project ToolsVersion="4.0" xmlns="http://schemas.microsoft.com/developer/msbuild/2003">
  <ItemGroup>
    <ClCompile Include="Core\Application.cpp">
      <Filter>Core</Filter>
    </ClCompile>
    <ClCompile Include="Core\Window\Window.cpp">
      <Filter>Core\Window</Filter>
    </ClCompile>
    <ClCompile Include="Core\Utilities\Logger.cpp">
      <Filter>Core\Utilities</Filter>
    </ClCompile>
    <ClCompile Include="Main.cpp" />
    <ClCompile Include="Core\Graphics\Vulkan\CommandBuffer.cpp">
      <Filter>Core\Graphics\Vulkan</Filter>
    </ClCompile>
    <ClCompile Include="Core\Graphics\Vulkan\CommandPool.cpp">
      <Filter>Core\Graphics\Vulkan</Filter>
    </ClCompile>
    <ClCompile Include="Core\Graphics\Vulkan\Device.cpp">
      <Filter>Core\Graphics\Vulkan</Filter>
    </ClCompile>
    <ClCompile Include="Core\Graphics\Vulkan\DeviceHerder.cpp">
      <Filter>Core\Graphics\Vulkan</Filter>
    </ClCompile>
    <ClCompile Include="Core\Graphics\Vulkan\Instance.cpp">
      <Filter>Core\Graphics\Vulkan</Filter>
    </ClCompile>
    <ClCompile Include="Core\Graphics\Vulkan\PipelineStash.cpp">
      <Filter>Core\Graphics\Vulkan</Filter>
    </ClCompile>
    <ClCompile Include="Core\Graphics\Vulkan\RenderPassStash.cpp">
      <Filter>Core\Graphics\Vulkan</Filter>
    </ClCompile>
    <ClCompile Include="Core\Graphics\Vulkan\Shader.cpp">
      <Filter>Core\Graphics\Vulkan</Filter>
    </ClCompile>
    <ClCompile Include="Core\Graphics\Vulkan\ShaderStash.cpp">
      <Filter>Core\Graphics\Vulkan</Filter>
    </ClCompile>
    <ClCompile Include="Core\Graphics\Vulkan\Surface.cpp">
      <Filter>Core\Graphics\Vulkan</Filter>
    </ClCompile>
    <ClCompile Include="Core\Graphics\Vulkan\Swapchain.cpp">
      <Filter>Core\Graphics\Vulkan</Filter>
    </ClCompile>
    <ClCompile Include="Core\Graphics\Vulkan\Types.cpp">
      <Filter>Core\Graphics\Vulkan</Filter>
    </ClCompile>
    <ClCompile Include="Core\Graphics\Camera.cpp">
      <Filter>Core\Graphics</Filter>
    </ClCompile>
    <ClCompile Include="Core\Graphics\Frustum.cpp">
      <Filter>Core\Graphics</Filter>
    </ClCompile>
    <ClCompile Include="Core\Graphics\Vulkan\Buffer.cpp">
      <Filter>Core\Graphics\Vulkan</Filter>
    </ClCompile>
    <ClCompile Include="Core\VkApplication.cpp">
      <Filter>Core</Filter>
    </ClCompile>
  </ItemGroup>
  <ItemGroup>
    <Filter Include="Core">
      <UniqueIdentifier>{e5e070a0-3db5-4772-8c54-fba5bcfcc677}</UniqueIdentifier>
    </Filter>
    <Filter Include="Core\Common">
      <UniqueIdentifier>{2fe9dfad-043b-4698-ba11-5fe9bff678d7}</UniqueIdentifier>
    </Filter>
    <Filter Include="Core\Graphics">
      <UniqueIdentifier>{ce0aa22e-94f1-41a8-9963-a02b9006cddb}</UniqueIdentifier>
    </Filter>
    <Filter Include="Core\Input">
      <UniqueIdentifier>{effff310-2125-4b51-a2e0-7aa8190321cd}</UniqueIdentifier>
    </Filter>
    <Filter Include="Core\Utilities">
      <UniqueIdentifier>{c26a9219-8534-4eb2-9084-239ad0c70736}</UniqueIdentifier>
    </Filter>
    <Filter Include="Core\Window">
      <UniqueIdentifier>{d9d395ed-5837-43ce-a854-5184ea048bb3}</UniqueIdentifier>
    </Filter>
    <Filter Include="Resources">
      <UniqueIdentifier>{2b4dffad-970a-4583-8416-0719b2e8c5ee}</UniqueIdentifier>
    </Filter>
    <Filter Include="Resources\Models">
      <UniqueIdentifier>{b3ea86e4-cd39-421f-8aa4-10cec4daa3a8}</UniqueIdentifier>
    </Filter>
    <Filter Include="Resources\Shaders">
      <UniqueIdentifier>{5d32043e-0894-43a9-9795-2b712273a321}</UniqueIdentifier>
    </Filter>
    <Filter Include="Resources\Shaders\Raw">
      <UniqueIdentifier>{f54c063a-f317-42a5-8eca-b4d5a16f9337}</UniqueIdentifier>
    </Filter>
    <Filter Include="Resources\Shaders\Compiled">
      <UniqueIdentifier>{88ab3131-9f77-4d62-af23-db77449126a8}</UniqueIdentifier>
    </Filter>
    <Filter Include="Core\Graphics\Vulkan">
      <UniqueIdentifier>{d162f376-9851-46b2-8fd0-8d790a00524e}</UniqueIdentifier>
    </Filter>
  </ItemGroup>
  <ItemGroup>
    <ClInclude Include="Core\Application.h">
      <Filter>Core</Filter>
    </ClInclude>
    <ClInclude Include="Core\Common\Assert.h">
      <Filter>Core\Common</Filter>
    </ClInclude>
    <ClInclude Include="Core\Window\Window.h">
      <Filter>Core\Window</Filter>
    </ClInclude>
    <ClInclude Include="Core\Utilities\Logger.h">
      <Filter>Core\Utilities</Filter>
    </ClInclude>
    <ClInclude Include="Core\Common\Vulkan.h">
      <Filter>Core\Common</Filter>
    </ClInclude>
    <ClInclude Include="Core\Common\Include.h">
      <Filter>Core\Common</Filter>
    </ClInclude>
    <ClInclude Include="Core\Graphics\Vulkan\CommandBuffer.h">
      <Filter>Core\Graphics\Vulkan</Filter>
    </ClInclude>
    <ClInclude Include="Core\Graphics\Vulkan\CommandPool.h">
      <Filter>Core\Graphics\Vulkan</Filter>
    </ClInclude>
    <ClInclude Include="Core\Graphics\Vulkan\Device.h">
      <Filter>Core\Graphics\Vulkan</Filter>
    </ClInclude>
    <ClInclude Include="Core\Graphics\Vulkan\DeviceHerder.h">
      <Filter>Core\Graphics\Vulkan</Filter>
    </ClInclude>
    <ClInclude Include="Core\Graphics\Vulkan\Instance.h">
      <Filter>Core\Graphics\Vulkan</Filter>
    </ClInclude>
    <ClInclude Include="Core\Graphics\Vulkan\PipelineStash.h">
      <Filter>Core\Graphics\Vulkan</Filter>
    </ClInclude>
    <ClInclude Include="Core\Graphics\Vulkan\RenderPassStash.h">
      <Filter>Core\Graphics\Vulkan</Filter>
    </ClInclude>
    <ClInclude Include="Core\Graphics\Vulkan\Shader.h">
      <Filter>Core\Graphics\Vulkan</Filter>
    </ClInclude>
    <ClInclude Include="Core\Graphics\Vulkan\ShaderStash.h">
      <Filter>Core\Graphics\Vulkan</Filter>
    </ClInclude>
    <ClInclude Include="Core\Graphics\Vulkan\Surface.h">
      <Filter>Core\Graphics\Vulkan</Filter>
    </ClInclude>
    <ClInclude Include="Core\Graphics\Vulkan\Swapchain.h">
      <Filter>Core\Graphics\Vulkan</Filter>
    </ClInclude>
    <ClInclude Include="Core\Graphics\Vulkan\Types.h">
      <Filter>Core\Graphics\Vulkan</Filter>
    </ClInclude>
    <ClInclude Include="Core\Graphics\Camera.h">
      <Filter>Core\Graphics</Filter>
    </ClInclude>
    <ClInclude Include="Core\Graphics\Frustum.h">
      <Filter>Core\Graphics</Filter>
    </ClInclude>
    <ClInclude Include="Core\Graphics\Vulkan\Buffer.h">
      <Filter>Core\Graphics\Vulkan</Filter>
    </ClInclude>
    <ClInclude Include="Core\VkApplication.h">
      <Filter>Core</Filter>
    </ClInclude>
  </ItemGroup>
  <ItemGroup>
    <None Include=".clang-format" />
  </ItemGroup>
</Project>