<?xml version="1.0" encoding="utf-8"?>
<Project ToolsVersion="4.0" xmlns="http://schemas.microsoft.com/developer/msbuild/2003">
  <ItemGroup>
    <Filter Include="Data">
      <UniqueIdentifier>{3F05847C-2B3C-850D-D428-6B10C03E010F}</UniqueIdentifier>
    </Filter>
    <Filter Include="Data\Shaders">
      <UniqueIdentifier>{18F93C28-045C-CCCC-ADE1-04839923984F}</UniqueIdentifier>
    </Filter>
    <Filter Include="Data\Shaders\GLSL">
      <UniqueIdentifier>{F924B7BD-653B-B553-AEB2-40751A0886DB}</UniqueIdentifier>
    </Filter>
    <Filter Include="Data\Shaders\GLSL\Compute">
      <UniqueIdentifier>{058219E2-7144-4D6C-BAF4-DBF826F6254A}</UniqueIdentifier>
    </Filter>
    <Filter Include="Data\Shaders\GLSL\Fragment">
      <UniqueIdentifier>{3C9258B4-28A2-0485-915B-69A37D8AF31D}</UniqueIdentifier>
    </Filter>
    <Filter Include="Data\Shaders\GLSL\Vertex">
      <UniqueIdentifier>{66A9BF49-52CE-0ECA-7B19-F459679D0DE8}</UniqueIdentifier>
    </Filter>
    <Filter Include="ECS">
      <UniqueIdentifier>{60E1870B-CCEA-877C-5566-9E7CC16E937C}</UniqueIdentifier>
    </Filter>
    <Filter Include="ECS\Components">
      <UniqueIdentifier>{752AA906-61F8-9C0C-4A8C-0D3336F97871}</UniqueIdentifier>
    </Filter>
    <Filter Include="ECS\Components\Behaviour">
      <UniqueIdentifier>{291F8383-1544-D203-3E8F-B7932A13D121}</UniqueIdentifier>
    </Filter>
    <Filter Include="ECS\Components\Debug">
      <UniqueIdentifier>{AB786850-9707-F219-4026-06152C9402C0}</UniqueIdentifier>
    </Filter>
    <Filter Include="ECS\Components\Lighting">
      <UniqueIdentifier>{9A51523A-0689-9AD1-0F93-FEF47B49C1CA}</UniqueIdentifier>
    </Filter>
    <Filter Include="ECS\Components\Physics">
      <UniqueIdentifier>{E7D2C2B0-D3CC-EB02-BC39-8213A8D2516F}</UniqueIdentifier>
    </Filter>
    <Filter Include="ECS\Components\Procedural">
      <UniqueIdentifier>{550B8FFE-C1CD-C288-0A7E-5115767F9B66}</UniqueIdentifier>
    </Filter>
    <Filter Include="ECS\Components\Rendering">
      <UniqueIdentifier>{024AF89E-EE6E-471F-17BA-2CAF033E463D}</UniqueIdentifier>
    </Filter>
    <Filter Include="ECS\Components\Scene">
      <UniqueIdentifier>{52DB7651-3E6A-001B-E788-1416D3F610C1}</UniqueIdentifier>
    </Filter>
    <Filter Include="ECS\Components\Transforms">
      <UniqueIdentifier>{F368A992-5F2B-DD1C-A8DB-6BA914DDB5FA}</UniqueIdentifier>
    </Filter>
    <Filter Include="ECS\SharedComponents">
      <UniqueIdentifier>{2C7EFD7B-180D-8745-C12B-9B40AD9997EB}</UniqueIdentifier>
    </Filter>
    <Filter Include="ECS\Systems">
      <UniqueIdentifier>{67975D28-D34C-D61D-5C41-D0F4C8F5CC21}</UniqueIdentifier>
    </Filter>
    <Filter Include="ECS\Systems\Behaviour">
      <UniqueIdentifier>{9BE25184-074F-0D7F-D042-A5DC3C6E2FE7}</UniqueIdentifier>
    </Filter>
    <Filter Include="ECS\Systems\Debug">
      <UniqueIdentifier>{1D534B3F-8969-49D5-D2E0-D4F63E361A5D}</UniqueIdentifier>
    </Filter>
    <Filter Include="ECS\Systems\Input">
      <UniqueIdentifier>{A6F8AA3F-120F-A9D5-5B86-34F7C7DB795D}</UniqueIdentifier>
    </Filter>
    <Filter Include="ECS\Systems\Lighting">
      <UniqueIdentifier>{CC6EBDCD-B8FD-4697-611C-5B924D8A573D}</UniqueIdentifier>
    </Filter>
    <Filter Include="ECS\Systems\Physics">
      <UniqueIdentifier>{D911C6E3-4573-A3F1-CEE0-E9A33A41DAB0}</UniqueIdentifier>
    </Filter>
    <Filter Include="ECS\Systems\Procedural">
      <UniqueIdentifier>{073D3619-F336-5F6B-DCA3-F57BC83CC5D7}</UniqueIdentifier>
    </Filter>
    <Filter Include="ECS\Systems\Rendering">
      <UniqueIdentifier>{740DC79F-E079-829A-A96D-1AF81599A402}</UniqueIdentifier>
    </Filter>
    <Filter Include="ECS\Systems\Resources">
      <UniqueIdentifier>{9169743B-FDD5-2F36-C6C9-C79332F5519E}</UniqueIdentifier>
    </Filter>
    <Filter Include="ECS\Systems\Scene">
      <UniqueIdentifier>{C4B55940-30CC-57D6-7943-E3F7E598285E}</UniqueIdentifier>
    </Filter>
    <Filter Include="ECS\Systems\UI">
      <UniqueIdentifier>{3485437A-2053-3780-09E7-A7A6F55313E5}</UniqueIdentifier>
    </Filter>
    <Filter Include="Graphics">
      <UniqueIdentifier>{1653CE33-0220-293F-2B39-17E717655ECD}</UniqueIdentifier>
    </Filter>
    <Filter Include="Graphics\Direct3D12">
      <UniqueIdentifier>{9A5A666C-06BC-437A-8F29-8A2CFB897A39}</UniqueIdentifier>
    </Filter>
    <Filter Include="Graphics\GRIS">
      <UniqueIdentifier>{FA858697-6646-02CE-2F81-4B4B9B0047AA}</UniqueIdentifier>
    </Filter>
    <Filter Include="Graphics\GRIS\Backends">
      <UniqueIdentifier>{44BD5843-30B7-8195-1924-18A605BDE701}</UniqueIdentifier>
    </Filter>
    <Filter Include="Graphics\Handles">
      <UniqueIdentifier>{E4CFDD6D-D0C8-FCBF-F9FA-E144E552DCCB}</UniqueIdentifier>
    </Filter>
    <Filter Include="Graphics\Scene">
      <UniqueIdentifier>{B3383A89-9F06-2E8F-889A-9EB574070AF4}</UniqueIdentifier>
    </Filter>
    <Filter Include="Graphics\Utility">
      <UniqueIdentifier>{59C78E82-45C0-ADD4-6EF2-92595A4A8DE0}</UniqueIdentifier>
    </Filter>
    <Filter Include="Graphics\Vulkan">
      <UniqueIdentifier>{D64BCAB8-42D7-377D-4BE8-BA71B7F2937D}</UniqueIdentifier>
    </Filter>
    <Filter Include="Physics">
      <UniqueIdentifier>{888B590D-F46A-D8A8-FD82-637F69E13E0A}</UniqueIdentifier>
    </Filter>
    <Filter Include="ThirdParty">
      <UniqueIdentifier>{107145F9-FC28-8746-6530-60A251072237}</UniqueIdentifier>
    </Filter>
    <Filter Include="ThirdParty\ImGui">
      <UniqueIdentifier>{3A7282D0-266B-A122-4F9D-86A73BF5802E}</UniqueIdentifier>
    </Filter>
    <Filter Include="UI">
      <UniqueIdentifier>{83755900-6F01-880B-D8AF-880BC45A880B}</UniqueIdentifier>
    </Filter>
    <Filter Include="Window">
      <UniqueIdentifier>{3DEA79DA-298C-A4B0-1247-B804FE872B01}</UniqueIdentifier>
    </Filter>
  </ItemGroup>
  <ItemGroup>
    <ClInclude Include="Application.h" />
    <ClInclude Include="Data\Shaders\GLSL\Compute\NOISE.h">
      <Filter>Data\Shaders\GLSL\Compute</Filter>
    </ClInclude>
    <ClInclude Include="Data\Shaders\GLSL\Compute\RAYMARCH.h">
      <Filter>Data\Shaders\GLSL\Compute</Filter>
    </ClInclude>
    <ClInclude Include="Data\Shaders\GLSL\Fragment\MATERIAL.h">
      <Filter>Data\Shaders\GLSL\Fragment</Filter>
    </ClInclude>
    <ClInclude Include="ECS\Components\BaseComponent.h">
      <Filter>ECS\Components</Filter>
    </ClInclude>
    <ClInclude Include="ECS\Components\Behaviour\EntityFollowComponent.h">
      <Filter>ECS\Components\Behaviour</Filter>
    </ClInclude>
    <ClInclude Include="ECS\Components\ComponentPool.h">
      <Filter>ECS\Components</Filter>
    </ClInclude>
    <ClInclude Include="ECS\Components\ComponentTypes.h">
      <Filter>ECS\Components</Filter>
    </ClInclude>
    <ClInclude Include="ECS\Components\Debug\DebugDrawComponent.h">
      <Filter>ECS\Components\Debug</Filter>
    </ClInclude>
    <ClInclude Include="ECS\Components\Debug\DebugSphereComponent.h">
      <Filter>ECS\Components\Debug</Filter>
    </ClInclude>
    <ClInclude Include="ECS\Components\Lighting\LightComponent.h">
      <Filter>ECS\Components\Lighting</Filter>
    </ClInclude>
    <ClInclude Include="ECS\Components\Physics\MotionComponent.h">
      <Filter>ECS\Components\Physics</Filter>
    </ClInclude>
    <ClInclude Include="ECS\Components\Procedural\FFTOceanComponent.h">
      <Filter>ECS\Components\Procedural</Filter>
    </ClInclude>
    <ClInclude Include="ECS\Components\Procedural\ProceduralDisplacementComponent.h">
      <Filter>ECS\Components\Procedural</Filter>
    </ClInclude>
    <ClInclude Include="ECS\Components\Procedural\ProceduralMaterialComponent.h">
      <Filter>ECS\Components\Procedural</Filter>
    </ClInclude>
    <ClInclude Include="ECS\Components\Rendering\AtmosphereComponent.h">
      <Filter>ECS\Components\Rendering</Filter>
    </ClInclude>
    <ClInclude Include="ECS\Components\Rendering\FullscreenComponent.h">
      <Filter>ECS\Components\Rendering</Filter>
    </ClInclude>
    <ClInclude Include="ECS\Components\Rendering\MeshComponent.h">
      <Filter>ECS\Components\Rendering</Filter>
    </ClInclude>
    <ClInclude Include="ECS\Components\Rendering\RenderableComponent.h">
      <Filter>ECS\Components\Rendering</Filter>
    </ClInclude>
    <ClInclude Include="ECS\Components\Rendering\StaticMaterialComponent.h">
      <Filter>ECS\Components\Rendering</Filter>
    </ClInclude>
    <ClInclude Include="ECS\Components\Scene\CameraComponent.h">
      <Filter>ECS\Components\Scene</Filter>
    </ClInclude>
    <ClInclude Include="ECS\Components\Transforms\TransformComponent.h">
      <Filter>ECS\Components\Transforms</Filter>
    </ClInclude>
    <ClInclude Include="ECS\Entity.h">
      <Filter>ECS</Filter>
    </ClInclude>
    <ClInclude Include="ECS\EntityManager.h">
      <Filter>ECS</Filter>
    </ClInclude>
    <ClInclude Include="ECS\SharedComponents\BaseSharedComponent.h">
      <Filter>ECS\SharedComponents</Filter>
    </ClInclude>
    <ClInclude Include="ECS\SharedComponents\InputComponent.h">
      <Filter>ECS\SharedComponents</Filter>
    </ClInclude>
    <ClInclude Include="ECS\SharedComponents\SceneComponent.h">
      <Filter>ECS\SharedComponents</Filter>
    </ClInclude>
    <ClInclude Include="ECS\SharedComponents\SharedComponentType.h">
      <Filter>ECS\SharedComponents</Filter>
    </ClInclude>
    <ClInclude Include="ECS\Systems\Behaviour\EntityFollowSystem.h">
      <Filter>ECS\Systems\Behaviour</Filter>
    </ClInclude>
    <ClInclude Include="ECS\Systems\CommonSystem.h">
      <Filter>ECS\Systems</Filter>
    </ClInclude>
    <ClInclude Include="ECS\Systems\Debug\DebugDrawSystem.h">
      <Filter>ECS\Systems\Debug</Filter>
    </ClInclude>
    <ClInclude Include="ECS\Systems\Input\InputSystem.h">
      <Filter>ECS\Systems\Input</Filter>
    </ClInclude>
    <ClInclude Include="ECS\Systems\Lighting\LightUpdateSystem.h">
      <Filter>ECS\Systems\Lighting</Filter>
    </ClInclude>
    <ClInclude Include="ECS\Systems\Lighting\ShadowMapSystem.h">
      <Filter>ECS\Systems\Lighting</Filter>
    </ClInclude>
    <ClInclude Include="ECS\Systems\Physics\MotionSystem.h">
      <Filter>ECS\Systems\Physics</Filter>
    </ClInclude>
    <ClInclude Include="ECS\Systems\Physics\PlayerMoveSystem.h">
      <Filter>ECS\Systems\Physics</Filter>
    </ClInclude>
    <ClInclude Include="ECS\Systems\Procedural\FFTOceanSystem.h">
      <Filter>ECS\Systems\Procedural</Filter>
    </ClInclude>
    <ClInclude Include="ECS\Systems\Procedural\ProceduralDisplacementSystem.h">
      <Filter>ECS\Systems\Procedural</Filter>
    </ClInclude>
    <ClInclude Include="ECS\Systems\Rendering\AtmosphereSystem.h">
      <Filter>ECS\Systems\Rendering</Filter>
    </ClInclude>
    <ClInclude Include="ECS\Systems\Rendering\FullscreenRenderSystem.h">
      <Filter>ECS\Systems\Rendering</Filter>
    </ClInclude>
    <ClInclude Include="ECS\Systems\Rendering\ModelRenderSystem.h">
      <Filter>ECS\Systems\Rendering</Filter>
    </ClInclude>
    <ClInclude Include="ECS\Systems\Resources\MaterialLoaderSystem.h">
      <Filter>ECS\Systems\Resources</Filter>
    </ClInclude>
    <ClInclude Include="ECS\Systems\Resources\MeshLoaderSystem.h">
      <Filter>ECS\Systems\Resources</Filter>
    </ClInclude>
    <ClInclude Include="ECS\Systems\Scene\CameraSystem.h">
      <Filter>ECS\Systems\Scene</Filter>
    </ClInclude>
    <ClInclude Include="ECS\Systems\UI\ImGuiSystem.h">
      <Filter>ECS\Systems\UI</Filter>
    </ClInclude>
    <ClInclude Include="Graphics\Direct3D12\CommandList.h">
      <Filter>Graphics\Direct3D12</Filter>
    </ClInclude>
    <ClInclude Include="Graphics\Direct3D12\Device.h">
      <Filter>Graphics\Direct3D12</Filter>
    </ClInclude>
    <ClInclude Include="Graphics\Direct3D12\DeviceManager.h">
      <Filter>Graphics\Direct3D12</Filter>
    </ClInclude>
    <ClInclude Include="Graphics\Direct3D12\Factory.h">
      <Filter>Graphics\Direct3D12</Filter>
    </ClInclude>
    <ClInclude Include="Graphics\DirectX12.h">
      <Filter>Graphics</Filter>
    </ClInclude>
    <ClInclude Include="Graphics\GRIS\Backends\D3D12RenderBackend.h">
      <Filter>Graphics\GRIS\Backends</Filter>
    </ClInclude>
    <ClInclude Include="Graphics\GRIS\Backends\GLRenderBackend.h">
      <Filter>Graphics\GRIS\Backends</Filter>
    </ClInclude>
    <ClInclude Include="Graphics\GRIS\Backends\RenderBackend.h">
      <Filter>Graphics\GRIS\Backends</Filter>
    </ClInclude>
    <ClInclude Include="Graphics\GRIS\Backends\RenderBackendDeclaration.h">
      <Filter>Graphics\GRIS\Backends</Filter>
    </ClInclude>
    <ClInclude Include="Graphics\GRIS\Backends\VKRenderBackend.h">
      <Filter>Graphics\GRIS\Backends</Filter>
    </ClInclude>
    <ClInclude Include="Graphics\GRIS\RenderGraph.h">
      <Filter>Graphics\GRIS</Filter>
    </ClInclude>
    <ClInclude Include="Graphics\GRIS\RenderInterface.h">
      <Filter>Graphics\GRIS</Filter>
    </ClInclude>
    <ClInclude Include="Graphics\GraphicsTypes.h">
      <Filter>Graphics</Filter>
    </ClInclude>
    <ClInclude Include="Graphics\Handles\ResourceHandle.h">
      <Filter>Graphics\Handles</Filter>
    </ClInclude>
    <ClInclude Include="Graphics\Handles\ResourceHandleManager.h">
      <Filter>Graphics\Handles</Filter>
    </ClInclude>
    <ClInclude Include="Graphics\PipelineInfos.h">
      <Filter>Graphics</Filter>
    </ClInclude>
    <ClInclude Include="Graphics\Scene\Frustum.h">
      <Filter>Graphics\Scene</Filter>
    </ClInclude>
    <ClInclude Include="Graphics\Scene\Material.h">
      <Filter>Graphics\Scene</Filter>
    </ClInclude>
    <ClInclude Include="Graphics\Scene\MaterialCache.h">
      <Filter>Graphics\Scene</Filter>
    </ClInclude>
    <ClInclude Include="Graphics\Scene\Mesh.h">
      <Filter>Graphics\Scene</Filter>
    </ClInclude>
    <ClInclude Include="Graphics\Scene\MeshCache.h">
      <Filter>Graphics\Scene</Filter>
    </ClInclude>
    <ClInclude Include="Graphics\ShaderConstants.h">
      <Filter>Graphics</Filter>
    </ClInclude>
    <ClInclude Include="Graphics\StaticPipelines.h">
      <Filter>Graphics</Filter>
    </ClInclude>
    <ClInclude Include="Graphics\Utility\GraphicsIO.h">
      <Filter>Graphics\Utility</Filter>
    </ClInclude>
    <ClInclude Include="Graphics\Utility\MeshGeneration.h">
      <Filter>Graphics\Utility</Filter>
    </ClInclude>
    <ClInclude Include="Graphics\Utility\Noise.h">
      <Filter>Graphics\Utility</Filter>
    </ClInclude>
    <ClInclude Include="Graphics\Utility\Transforms.h">
      <Filter>Graphics\Utility</Filter>
    </ClInclude>
    <ClInclude Include="Graphics\VertexLayout.h">
      <Filter>Graphics</Filter>
    </ClInclude>
    <ClInclude Include="Graphics\Vulkan.h">
      <Filter>Graphics</Filter>
    </ClInclude>
    <ClInclude Include="Graphics\Vulkan\BarriersHelper.h">
      <Filter>Graphics\Vulkan</Filter>
    </ClInclude>
    <ClInclude Include="Graphics\Vulkan\Buffer.h">
      <Filter>Graphics\Vulkan</Filter>
    </ClInclude>
    <ClInclude Include="Graphics\Vulkan\CommandBuffer.h">
      <Filter>Graphics\Vulkan</Filter>
    </ClInclude>
    <ClInclude Include="Graphics\Vulkan\CommandBufferPool.h">
      <Filter>Graphics\Vulkan</Filter>
    </ClInclude>
    <ClInclude Include="Graphics\Vulkan\CommandPoolManager.h">
      <Filter>Graphics\Vulkan</Filter>
    </ClInclude>
    <ClInclude Include="Graphics\Vulkan\DebugUtilsLabel.h">
      <Filter>Graphics\Vulkan</Filter>
    </ClInclude>
    <ClInclude Include="Graphics\Vulkan\DescriptorPool.h">
      <Filter>Graphics\Vulkan</Filter>
    </ClInclude>
    <ClInclude Include="Graphics\Vulkan\Device.h">
      <Filter>Graphics\Vulkan</Filter>
    </ClInclude>
    <ClInclude Include="Graphics\Vulkan\DeviceManager.h">
      <Filter>Graphics\Vulkan</Filter>
    </ClInclude>
    <ClInclude Include="Graphics\Vulkan\Instance.h">
      <Filter>Graphics\Vulkan</Filter>
    </ClInclude>
    <ClInclude Include="Graphics\Vulkan\PipelineCache.h">
      <Filter>Graphics\Vulkan</Filter>
    </ClInclude>
    <ClInclude Include="Graphics\Vulkan\RenderPassCache.h">
      <Filter>Graphics\Vulkan</Filter>
    </ClInclude>
    <ClInclude Include="Graphics\Vulkan\SamplerCache.h">
      <Filter>Graphics\Vulkan</Filter>
    </ClInclude>
    <ClInclude Include="Graphics\Vulkan\Shader.h">
      <Filter>Graphics\Vulkan</Filter>
    </ClInclude>
    <ClInclude Include="Graphics\Vulkan\ShaderCache.h">
      <Filter>Graphics\Vulkan</Filter>
    </ClInclude>
    <ClInclude Include="Graphics\Vulkan\Surface.h">
      <Filter>Graphics\Vulkan</Filter>
    </ClInclude>
    <ClInclude Include="Graphics\Vulkan\Swapchain.h">
      <Filter>Graphics\Vulkan</Filter>
    </ClInclude>
    <ClInclude Include="Graphics\Vulkan\Texture.h">
      <Filter>Graphics\Vulkan</Filter>
    </ClInclude>
    <ClInclude Include="Graphics\Vulkan\TypeConversions.h">
      <Filter>Graphics\Vulkan</Filter>
    </ClInclude>
    <ClInclude Include="JobPool.h" />
    <ClInclude Include="Physics\PhysicsConstants.h">
      <Filter>Physics</Filter>
    </ClInclude>
    <ClInclude Include="ThirdParty\ImGui\imconfig.h">
      <Filter>ThirdParty\ImGui</Filter>
    </ClInclude>
    <ClInclude Include="ThirdParty\ImGui\imgui.h">
      <Filter>ThirdParty\ImGui</Filter>
    </ClInclude>
    <ClInclude Include="ThirdParty\ImGui\imgui_impl_glfw.h">
      <Filter>ThirdParty\ImGui</Filter>
    </ClInclude>
    <ClInclude Include="ThirdParty\ImGui\imgui_impl_vulkan.h">
      <Filter>ThirdParty\ImGui</Filter>
    </ClInclude>
    <ClInclude Include="ThirdParty\ImGui\imgui_internal.h">
      <Filter>ThirdParty\ImGui</Filter>
    </ClInclude>
    <ClInclude Include="ThirdParty\ImGui\imstb_rectpack.h">
      <Filter>ThirdParty\ImGui</Filter>
    </ClInclude>
    <ClInclude Include="ThirdParty\ImGui\imstb_textedit.h">
      <Filter>ThirdParty\ImGui</Filter>
    </ClInclude>
    <ClInclude Include="ThirdParty\ImGui\imstb_truetype.h">
      <Filter>ThirdParty\ImGui</Filter>
    </ClInclude>
    <ClInclude Include="UI\UserInterface.h">
      <Filter>UI</Filter>
    </ClInclude>
    <ClInclude Include="Window\GLFWWindow.h">
      <Filter>Window</Filter>
    </ClInclude>
  </ItemGroup>
  <ItemGroup>
    <ClCompile Include="Application.cpp" />
    <ClCompile Include="ECS\Components\Procedural\FFTOceanComponent.cpp">
      <Filter>ECS\Components\Procedural</Filter>
    </ClCompile>
    <ClCompile Include="ECS\Components\Procedural\ProceduralDisplacementComponent.cpp">
      <Filter>ECS\Components\Procedural</Filter>
    </ClCompile>
    <ClCompile Include="ECS\EntityManager.cpp">
      <Filter>ECS</Filter>
    </ClCompile>
    <ClCompile Include="ECS\SharedComponents\SceneComponent.cpp">
      <Filter>ECS\SharedComponents</Filter>
    </ClCompile>
    <ClCompile Include="ECS\Systems\Behaviour\EntityFollowSystem.cpp">
      <Filter>ECS\Systems\Behaviour</Filter>
    </ClCompile>
    <ClCompile Include="ECS\Systems\Debug\DebugDrawSystem.cpp">
      <Filter>ECS\Systems\Debug</Filter>
    </ClCompile>
    <ClCompile Include="ECS\Systems\Input\InputSystem.cpp">
      <Filter>ECS\Systems\Input</Filter>
    </ClCompile>
    <ClCompile Include="ECS\Systems\Lighting\LightUpdateSystem.cpp">
      <Filter>ECS\Systems\Lighting</Filter>
    </ClCompile>
    <ClCompile Include="ECS\Systems\Lighting\ShadowMapSystem.cpp">
      <Filter>ECS\Systems\Lighting</Filter>
    </ClCompile>
    <ClCompile Include="ECS\Systems\Physics\MotionSystem.cpp">
      <Filter>ECS\Systems\Physics</Filter>
    </ClCompile>
    <ClCompile Include="ECS\Systems\Physics\PlayerMoveSystem.cpp">
      <Filter>ECS\Systems\Physics</Filter>
    </ClCompile>
    <ClCompile Include="ECS\Systems\Procedural\FFTOceanSystem.cpp">
      <Filter>ECS\Systems\Procedural</Filter>
    </ClCompile>
    <ClCompile Include="ECS\Systems\Procedural\ProceduralDisplacementSystem.cpp">
      <Filter>ECS\Systems\Procedural</Filter>
    </ClCompile>
    <ClCompile Include="ECS\Systems\Rendering\AtmosphereSystem.cpp">
      <Filter>ECS\Systems\Rendering</Filter>
    </ClCompile>
    <ClCompile Include="ECS\Systems\Rendering\FullscreenRenderSystem.cpp">
      <Filter>ECS\Systems\Rendering</Filter>
    </ClCompile>
    <ClCompile Include="ECS\Systems\Rendering\ModelRenderSystem.cpp">
      <Filter>ECS\Systems\Rendering</Filter>
    </ClCompile>
    <ClCompile Include="ECS\Systems\Resources\MaterialLoaderSystem.cpp">
      <Filter>ECS\Systems\Resources</Filter>
    </ClCompile>
    <ClCompile Include="ECS\Systems\Resources\MeshLoaderSystem.cpp">
      <Filter>ECS\Systems\Resources</Filter>
    </ClCompile>
    <ClCompile Include="ECS\Systems\Scene\CameraSystem.cpp">
      <Filter>ECS\Systems\Scene</Filter>
    </ClCompile>
    <ClCompile Include="ECS\Systems\UI\ImGuiSystem.cpp">
      <Filter>ECS\Systems\UI</Filter>
    </ClCompile>
    <ClCompile Include="Graphics\Direct3D12\CommandList.cpp">
      <Filter>Graphics\Direct3D12</Filter>
    </ClCompile>
    <ClCompile Include="Graphics\Direct3D12\Device.cpp">
      <Filter>Graphics\Direct3D12</Filter>
    </ClCompile>
    <ClCompile Include="Graphics\Direct3D12\DeviceManager.cpp">
      <Filter>Graphics\Direct3D12</Filter>
    </ClCompile>
    <ClCompile Include="Graphics\Direct3D12\Factory.cpp">
      <Filter>Graphics\Direct3D12</Filter>
    </ClCompile>
    <ClCompile Include="Graphics\GRIS\Backends\D3D12RenderBackend.cpp">
      <Filter>Graphics\GRIS\Backends</Filter>
    </ClCompile>
    <ClCompile Include="Graphics\GRIS\Backends\GLRenderBackend.cpp">
      <Filter>Graphics\GRIS\Backends</Filter>
    </ClCompile>
    <ClCompile Include="Graphics\GRIS\Backends\VKRenderBackend.cpp">
      <Filter>Graphics\GRIS\Backends</Filter>
    </ClCompile>
    <ClCompile Include="Graphics\GRIS\RenderGraph.cpp">
      <Filter>Graphics\GRIS</Filter>
    </ClCompile>
    <ClCompile Include="Graphics\GRIS\RenderInterface.cpp">
      <Filter>Graphics\GRIS</Filter>
    </ClCompile>
    <ClCompile Include="Graphics\GraphicsTypes.cpp">
      <Filter>Graphics</Filter>
    </ClCompile>
    <ClCompile Include="Graphics\Handles\ResourceHandleManager.cpp">
      <Filter>Graphics\Handles</Filter>
    </ClCompile>
    <ClCompile Include="Graphics\PipelineInfos.cpp">
      <Filter>Graphics</Filter>
    </ClCompile>
    <ClCompile Include="Graphics\Scene\Frustum.cpp">
      <Filter>Graphics\Scene</Filter>
    </ClCompile>
    <ClCompile Include="Graphics\Scene\Material.cpp">
      <Filter>Graphics\Scene</Filter>
    </ClCompile>
    <ClCompile Include="Graphics\Scene\MaterialCache.cpp">
      <Filter>Graphics\Scene</Filter>
    </ClCompile>
    <ClCompile Include="Graphics\Scene\Mesh.cpp">
      <Filter>Graphics\Scene</Filter>
    </ClCompile>
    <ClCompile Include="Graphics\Scene\MeshCache.cpp">
      <Filter>Graphics\Scene</Filter>
    </ClCompile>
    <ClCompile Include="Graphics\ShaderConstants.cpp">
      <Filter>Graphics</Filter>
    </ClCompile>
    <ClCompile Include="Graphics\StaticPipelines.cpp">
      <Filter>Graphics</Filter>
    </ClCompile>
    <ClCompile Include="Graphics\Utility\GraphicsIO.cpp">
      <Filter>Graphics\Utility</Filter>
    </ClCompile>
    <ClCompile Include="Graphics\Utility\MeshGeneration.cpp">
      <Filter>Graphics\Utility</Filter>
    </ClCompile>
    <ClCompile Include="Graphics\Utility\Noise.cpp">
      <Filter>Graphics\Utility</Filter>
    </ClCompile>
    <ClCompile Include="Graphics\Utility\Transforms.cpp">
      <Filter>Graphics\Utility</Filter>
    </ClCompile>
    <ClCompile Include="Graphics\VertexLayout.cpp">
      <Filter>Graphics</Filter>
    </ClCompile>
    <ClCompile Include="Graphics\Vulkan\BarriersHelper.cpp">
      <Filter>Graphics\Vulkan</Filter>
    </ClCompile>
    <ClCompile Include="Graphics\Vulkan\Buffer.cpp">
      <Filter>Graphics\Vulkan</Filter>
    </ClCompile>
    <ClCompile Include="Graphics\Vulkan\CommandBuffer.cpp">
      <Filter>Graphics\Vulkan</Filter>
    </ClCompile>
    <ClCompile Include="Graphics\Vulkan\CommandBufferPool.cpp">
      <Filter>Graphics\Vulkan</Filter>
    </ClCompile>
    <ClCompile Include="Graphics\Vulkan\CommandPoolManager.cpp">
      <Filter>Graphics\Vulkan</Filter>
    </ClCompile>
    <ClCompile Include="Graphics\Vulkan\DebugUtilsLabel.cpp">
      <Filter>Graphics\Vulkan</Filter>
    </ClCompile>
    <ClCompile Include="Graphics\Vulkan\DescriptorPool.cpp">
      <Filter>Graphics\Vulkan</Filter>
    </ClCompile>
    <ClCompile Include="Graphics\Vulkan\Device.cpp">
      <Filter>Graphics\Vulkan</Filter>
    </ClCompile>
    <ClCompile Include="Graphics\Vulkan\DeviceManager.cpp">
      <Filter>Graphics\Vulkan</Filter>
    </ClCompile>
    <ClCompile Include="Graphics\Vulkan\Instance.cpp">
      <Filter>Graphics\Vulkan</Filter>
    </ClCompile>
    <ClCompile Include="Graphics\Vulkan\PipelineCache.cpp">
      <Filter>Graphics\Vulkan</Filter>
    </ClCompile>
    <ClCompile Include="Graphics\Vulkan\RenderPassCache.cpp">
      <Filter>Graphics\Vulkan</Filter>
    </ClCompile>
    <ClCompile Include="Graphics\Vulkan\SamplerCache.cpp">
      <Filter>Graphics\Vulkan</Filter>
    </ClCompile>
    <ClCompile Include="Graphics\Vulkan\Shader.cpp">
      <Filter>Graphics\Vulkan</Filter>
    </ClCompile>
    <ClCompile Include="Graphics\Vulkan\ShaderCache.cpp">
      <Filter>Graphics\Vulkan</Filter>
    </ClCompile>
    <ClCompile Include="Graphics\Vulkan\Surface.cpp">
      <Filter>Graphics\Vulkan</Filter>
    </ClCompile>
    <ClCompile Include="Graphics\Vulkan\Swapchain.cpp">
      <Filter>Graphics\Vulkan</Filter>
    </ClCompile>
    <ClCompile Include="Graphics\Vulkan\Texture.cpp">
      <Filter>Graphics\Vulkan</Filter>
    </ClCompile>
    <ClCompile Include="Graphics\Vulkan\TypeConversions.cpp">
      <Filter>Graphics\Vulkan</Filter>
    </ClCompile>
    <ClCompile Include="JobPool.cpp" />
    <ClCompile Include="ThirdParty\ImGui\imgui.cpp">
      <Filter>ThirdParty\ImGui</Filter>
    </ClCompile>
    <ClCompile Include="ThirdParty\ImGui\imgui_demo.cpp">
      <Filter>ThirdParty\ImGui</Filter>
    </ClCompile>
    <ClCompile Include="ThirdParty\ImGui\imgui_draw.cpp">
      <Filter>ThirdParty\ImGui</Filter>
    </ClCompile>
    <ClCompile Include="ThirdParty\ImGui\imgui_impl_glfw.cpp">
      <Filter>ThirdParty\ImGui</Filter>
    </ClCompile>
    <ClCompile Include="ThirdParty\ImGui\imgui_impl_vulkan.cpp">
      <Filter>ThirdParty\ImGui</Filter>
    </ClCompile>
    <ClCompile Include="ThirdParty\ImGui\imgui_tables.cpp">
      <Filter>ThirdParty\ImGui</Filter>
    </ClCompile>
    <ClCompile Include="ThirdParty\ImGui\imgui_widgets.cpp">
      <Filter>ThirdParty\ImGui</Filter>
    </ClCompile>
    <ClCompile Include="UI\UserInterface.cpp">
      <Filter>UI</Filter>
    </ClCompile>
    <ClCompile Include="Window\GLFWWindow.cpp">
      <Filter>Window</Filter>
    </ClCompile>
  </ItemGroup>
  <ItemGroup>
    <CustomBuild Include="Data\Shaders\GLSL\Compute\DOMAIN_WARP.comp">
      <Filter>Data\Shaders\GLSL\Compute</Filter>
    </CustomBuild>
    <CustomBuild Include="Data\Shaders\GLSL\Compute\FFTOCEAN_BUTTERFLY.comp">
      <Filter>Data\Shaders\GLSL\Compute</Filter>
    </CustomBuild>
    <CustomBuild Include="Data\Shaders\GLSL\Compute\FFTOCEAN_BUTTERFLYTEX.comp">
      <Filter>Data\Shaders\GLSL\Compute</Filter>
    </CustomBuild>
    <CustomBuild Include="Data\Shaders\GLSL\Compute\FFTOCEAN_FOURIERCOMPONENTS.comp">
      <Filter>Data\Shaders\GLSL\Compute</Filter>
    </CustomBuild>
    <CustomBuild Include="Data\Shaders\GLSL\Compute\FFTOCEAN_INVERSIONPERMUTATION.comp">
      <Filter>Data\Shaders\GLSL\Compute</Filter>
    </CustomBuild>
    <CustomBuild Include="Data\Shaders\GLSL\Compute\FFTOCEAN_SPECTRA.comp">
      <Filter>Data\Shaders\GLSL\Compute</Filter>
    </CustomBuild>
    <CustomBuild Include="Data\Shaders\GLSL\Compute\RAYMARCH.comp">
      <Filter>Data\Shaders\GLSL\Compute</Filter>
    </CustomBuild>
    <CustomBuild Include="Data\Shaders\GLSL\Compute\SIMPLEX_NOISE.comp">
      <Filter>Data\Shaders\GLSL\Compute</Filter>
    </CustomBuild>
    <CustomBuild Include="Data\Shaders\GLSL\Compute\WHITE_NOISE.comp">
      <Filter>Data\Shaders\GLSL\Compute</Filter>
    </CustomBuild>
    <CustomBuild Include="Data\Shaders\GLSL\Fragment\DEBUG.frag">
      <Filter>Data\Shaders\GLSL\Fragment</Filter>
    </CustomBuild>
    <CustomBuild Include="Data\Shaders\GLSL\Fragment\DEFAULT_TEX.frag">
      <Filter>Data\Shaders\GLSL\Fragment</Filter>
    </CustomBuild>
    <CustomBuild Include="Data\Shaders\GLSL\Fragment\EMPTY.frag">
      <Filter>Data\Shaders\GLSL\Fragment</Filter>
    </CustomBuild>
    <CustomBuild Include="Data\Shaders\GLSL\Fragment\FFTOCEAN_RENDER.frag">
      <Filter>Data\Shaders\GLSL\Fragment</Filter>
    </CustomBuild>
    <CustomBuild Include="Data\Shaders\GLSL\Fragment\FULLSCREEN.frag">
      <Filter>Data\Shaders\GLSL\Fragment</Filter>
    </CustomBuild>
    <CustomBuild Include="Data\Shaders\GLSL\Fragment\FULLSCREEN_2DTEX.frag">
      <Filter>Data\Shaders\GLSL\Fragment</Filter>
    </CustomBuild>
    <CustomBuild Include="Data\Shaders\GLSL\Fragment\NOISE.frag">
      <Filter>Data\Shaders\GLSL\Fragment</Filter>
    </CustomBuild>
    <CustomBuild Include="Data\Shaders\GLSL\Fragment\PBR_TEX.frag">
      <Filter>Data\Shaders\GLSL\Fragment</Filter>
    </CustomBuild>
    <CustomBuild Include="Data\Shaders\GLSL\Fragment\PHONG_TEX.frag">
      <Filter>Data\Shaders\GLSL\Fragment</Filter>
    </CustomBuild>
    <CustomBuild Include="Data\Shaders\GLSL\Fragment\SKYBOX.frag">
      <Filter>Data\Shaders\GLSL\Fragment</Filter>
    </CustomBuild>
    <CustomBuild Include="Data\Shaders\GLSL\Fragment\TERRAIN.frag">
      <Filter>Data\Shaders\GLSL\Fragment</Filter>
    </CustomBuild>
    <CustomBuild Include="Data\Shaders\GLSL\Vertex\DEBUG.vert">
      <Filter>Data\Shaders\GLSL\Vertex</Filter>
    </CustomBuild>
    <CustomBuild Include="Data\Shaders\GLSL\Vertex\DEFAULT_UV.vert">
      <Filter>Data\Shaders\GLSL\Vertex</Filter>
    </CustomBuild>
    <CustomBuild Include="Data\Shaders\GLSL\Vertex\FFTOCEAN_RENDER.vert">
      <Filter>Data\Shaders\GLSL\Vertex</Filter>
    </CustomBuild>
    <CustomBuild Include="Data\Shaders\GLSL\Vertex\FULLSCREEN.vert">
      <Filter>Data\Shaders\GLSL\Vertex</Filter>
    </CustomBuild>
    <CustomBuild Include="Data\Shaders\GLSL\Vertex\PHONG_TEX.vert">
      <Filter>Data\Shaders\GLSL\Vertex</Filter>
    </CustomBuild>
    <CustomBuild Include="Data\Shaders\GLSL\Vertex\SHADOWMAP.vert">
      <Filter>Data\Shaders\GLSL\Vertex</Filter>
    </CustomBuild>
    <CustomBuild Include="Data\Shaders\GLSL\Vertex\TERRAIN.vert">
      <Filter>Data\Shaders\GLSL\Vertex</Filter>
    </CustomBuild>
  </ItemGroup>
</Project>