<?xml version="1.0" encoding="utf-8"?>
<Project ToolsVersion="4.0" xmlns="http://schemas.microsoft.com/developer/msbuild/2003">
  <ItemGroup>
    <None Include=".clang-format" />
  </ItemGroup>
  <ItemGroup>
    <ClInclude Include="Algorithms\BitManipulation.h" />
    <ClInclude Include="Graph\NodeGraph.h" />
    <ClInclude Include="Multithreading\ThreadPool.h" />
    <ClInclude Include="Multithreading\ThreadSafeQueue.h" />
    <ClInclude Include="Common\Assert.h" />
    <ClInclude Include="Common\Include.h" />
  </ItemGroup>
  <ItemGroup>
    <ClCompile Include="Graph\NodeGraph.cpp" />
    <ClCompile Include="Multithreading\ThreadPool.cpp" />
  </ItemGroup>
</Project>